// !$*UTF8*$!
{
	archiveVersion = 1;
	classes = {
	};
	objectVersion = 46;
	objects = {

/* Begin PBXBuildFile section */
		8D6CFFDA1CCD541100774356 /* ListAlertViewController.swift in Sources */ = {isa = PBXBuildFile; fileRef = 8D6CFFD91CCD541100774356 /* ListAlertViewController.swift */; settings = {ASSET_TAGS = (); }; };
		8D8B49ED1CE1688400E9AF8F /* Interface.storyboard in Resources */ = {isa = PBXBuildFile; fileRef = 8D8B49EB1CE1688400E9AF8F /* Interface.storyboard */; };
		8D8B49EF1CE1688500E9AF8F /* Assets.xcassets in Resources */ = {isa = PBXBuildFile; fileRef = 8D8B49EE1CE1688500E9AF8F /* Assets.xcassets */; };
		8D8B49F61CE1688500E9AF8F /* SmaLert WatchKit App Extension.appex in Embed App Extensions */ = {isa = PBXBuildFile; fileRef = 8D8B49F51CE1688500E9AF8F /* SmaLert WatchKit App Extension.appex */; settings = {ATTRIBUTES = (RemoveHeadersOnCopy, ); }; };
		8D8B49FD1CE1688500E9AF8F /* InterfaceController.swift in Sources */ = {isa = PBXBuildFile; fileRef = 8D8B49FC1CE1688500E9AF8F /* InterfaceController.swift */; };
		8D8B49FF1CE1688500E9AF8F /* ExtensionDelegate.swift in Sources */ = {isa = PBXBuildFile; fileRef = 8D8B49FE1CE1688500E9AF8F /* ExtensionDelegate.swift */; };
		8D8B4A011CE1688500E9AF8F /* NotificationController.swift in Sources */ = {isa = PBXBuildFile; fileRef = 8D8B4A001CE1688500E9AF8F /* NotificationController.swift */; };
		8D8B4A031CE1688500E9AF8F /* Assets.xcassets in Resources */ = {isa = PBXBuildFile; fileRef = 8D8B4A021CE1688500E9AF8F /* Assets.xcassets */; };
		8D8B4A071CE1688500E9AF8F /* SmaLert WatchKit App.app in Embed Watch Content */ = {isa = PBXBuildFile; fileRef = 8D8B49E91CE1688400E9AF8F /* SmaLert WatchKit App.app */; };
		8D8B4A111CE1691D00E9AF8F /* MapKit.framework in Frameworks */ = {isa = PBXBuildFile; fileRef = 8D8B4A101CE1691D00E9AF8F /* MapKit.framework */; };
		8DA574D21CE27BEA0004E15E /* SettingsDetailViewController.swift in Sources */ = {isa = PBXBuildFile; fileRef = 8DA574D11CE27BEA0004E15E /* SettingsDetailViewController.swift */; settings = {ASSET_TAGS = (); }; };
		8DB717FA1CCB11B000F2CBE4 /* AppDelegate.swift in Sources */ = {isa = PBXBuildFile; fileRef = 8DB717F91CCB11B000F2CBE4 /* AppDelegate.swift */; };
		8DB717FC1CCB11B000F2CBE4 /* MapViewController.swift in Sources */ = {isa = PBXBuildFile; fileRef = 8DB717FB1CCB11B000F2CBE4 /* MapViewController.swift */; };
		8DB717FE1CCB11B000F2CBE4 /* SettingsViewController.swift in Sources */ = {isa = PBXBuildFile; fileRef = 8DB717FD1CCB11B000F2CBE4 /* SettingsViewController.swift */; };
		8DB718061CCB11B000F2CBE4 /* LaunchScreen.storyboard in Resources */ = {isa = PBXBuildFile; fileRef = 8DB718041CCB11B000F2CBE4 /* LaunchScreen.storyboard */; };
		8DB718111CCB11B000F2CBE4 /* SmaLertTests.swift in Sources */ = {isa = PBXBuildFile; fileRef = 8DB718101CCB11B000F2CBE4 /* SmaLertTests.swift */; };
		8DB7181C1CCB11B000F2CBE4 /* SmaLertUITests.swift in Sources */ = {isa = PBXBuildFile; fileRef = 8DB7181B1CCB11B000F2CBE4 /* SmaLertUITests.swift */; };
		8DB7182A1CCB11D500F2CBE4 /* MapKit.framework in Frameworks */ = {isa = PBXBuildFile; fileRef = 8DB718291CCB11D500F2CBE4 /* MapKit.framework */; };
		8DB7182C1CCB11E300F2CBE4 /* iAd.framework in Frameworks */ = {isa = PBXBuildFile; fileRef = 8DB7182B1CCB11E300F2CBE4 /* iAd.framework */; };
		8DB7182E1CCB121600F2CBE4 /* WebKit.framework in Frameworks */ = {isa = PBXBuildFile; fileRef = 8DB7182D1CCB121600F2CBE4 /* WebKit.framework */; };
		8DB718351CCB132E00F2CBE4 /* Assets.xcassets in Resources */ = {isa = PBXBuildFile; fileRef = 8DB718341CCB132E00F2CBE4 /* Assets.xcassets */; settings = {ASSET_TAGS = (); }; };
		8DB718381CCB133600F2CBE4 /* Main.storyboard in Resources */ = {isa = PBXBuildFile; fileRef = 8DB718361CCB133600F2CBE4 /* Main.storyboard */; settings = {ASSET_TAGS = (); }; };
		8DB7183C1CCB238800F2CBE4 /* CoreLocation.framework in Frameworks */ = {isa = PBXBuildFile; fileRef = 8DB7183B1CCB238800F2CBE4 /* CoreLocation.framework */; };
		8DBF40B41CE62A5B00E10E63 /* AppDelegate.swift in Sources */ = {isa = PBXBuildFile; fileRef = 8DBF40B31CE62A5B00E10E63 /* AppDelegate.swift */; };
		8DBF40B61CE62A5B00E10E63 /* ViewController.swift in Sources */ = {isa = PBXBuildFile; fileRef = 8DBF40B51CE62A5B00E10E63 /* ViewController.swift */; };
		8DBF40B81CE62A5B00E10E63 /* Assets.xcassets in Resources */ = {isa = PBXBuildFile; fileRef = 8DBF40B71CE62A5B00E10E63 /* Assets.xcassets */; };
		8DBF40BB1CE62A5B00E10E63 /* Main.storyboard in Resources */ = {isa = PBXBuildFile; fileRef = 8DBF40B91CE62A5B00E10E63 /* Main.storyboard */; };
/* End PBXBuildFile section */

/* Begin PBXContainerItemProxy section */
		8D8B49F71CE1688500E9AF8F /* PBXContainerItemProxy */ = {
			isa = PBXContainerItemProxy;
			containerPortal = 8DB717EE1CCB11B000F2CBE4 /* Project object */;
			proxyType = 1;
			remoteGlobalIDString = 8D8B49F41CE1688500E9AF8F;
			remoteInfo = "SmaLert WatchKit App Extension";
		};
		8D8B4A051CE1688500E9AF8F /* PBXContainerItemProxy */ = {
			isa = PBXContainerItemProxy;
			containerPortal = 8DB717EE1CCB11B000F2CBE4 /* Project object */;
			proxyType = 1;
			remoteGlobalIDString = 8D8B49E81CE1688400E9AF8F;
			remoteInfo = "SmaLert WatchKit App";
		};
		8DB7180D1CCB11B000F2CBE4 /* PBXContainerItemProxy */ = {
			isa = PBXContainerItemProxy;
			containerPortal = 8DB717EE1CCB11B000F2CBE4 /* Project object */;
			proxyType = 1;
			remoteGlobalIDString = 8DB717F51CCB11B000F2CBE4;
			remoteInfo = SmaLert;
		};
		8DB718181CCB11B000F2CBE4 /* PBXContainerItemProxy */ = {
			isa = PBXContainerItemProxy;
			containerPortal = 8DB717EE1CCB11B000F2CBE4 /* Project object */;
			proxyType = 1;
			remoteGlobalIDString = 8DB717F51CCB11B000F2CBE4;
			remoteInfo = SmaLert;
		};
/* End PBXContainerItemProxy section */

/* Begin PBXCopyFilesBuildPhase section */
		8D8B4A0D1CE1688500E9AF8F /* Embed App Extensions */ = {
			isa = PBXCopyFilesBuildPhase;
			buildActionMask = 2147483647;
			dstPath = "";
			dstSubfolderSpec = 13;
			files = (
				8D8B49F61CE1688500E9AF8F /* SmaLert WatchKit App Extension.appex in Embed App Extensions */,
			);
			name = "Embed App Extensions";
			runOnlyForDeploymentPostprocessing = 0;
		};
		8D8B4A0F1CE1688500E9AF8F /* Embed Watch Content */ = {
			isa = PBXCopyFilesBuildPhase;
			buildActionMask = 2147483647;
			dstPath = "$(CONTENTS_FOLDER_PATH)/Watch";
			dstSubfolderSpec = 16;
			files = (
				8D8B4A071CE1688500E9AF8F /* SmaLert WatchKit App.app in Embed Watch Content */,
			);
			name = "Embed Watch Content";
			runOnlyForDeploymentPostprocessing = 0;
		};
/* End PBXCopyFilesBuildPhase section */

/* Begin PBXFileReference section */
		8D6CFFD81CCD4BF900774356 /* en */ = {isa = PBXFileReference; lastKnownFileType = text.plist.strings; name = en; path = SmaLert/en.lproj/Main.strings; sourceTree = "<group>"; };
		8D6CFFD91CCD541100774356 /* ListAlertViewController.swift */ = {isa = PBXFileReference; fileEncoding = 4; lastKnownFileType = sourcecode.swift; path = ListAlertViewController.swift; sourceTree = "<group>"; };
		8D8B49E91CE1688400E9AF8F /* SmaLert WatchKit App.app */ = {isa = PBXFileReference; explicitFileType = wrapper.application; includeInIndex = 0; path = "SmaLert WatchKit App.app"; sourceTree = BUILT_PRODUCTS_DIR; };
		8D8B49EC1CE1688400E9AF8F /* Base */ = {isa = PBXFileReference; lastKnownFileType = file.storyboard; name = Base; path = Base.lproj/Interface.storyboard; sourceTree = "<group>"; };
		8D8B49EE1CE1688500E9AF8F /* Assets.xcassets */ = {isa = PBXFileReference; lastKnownFileType = folder.assetcatalog; path = Assets.xcassets; sourceTree = "<group>"; };
		8D8B49F01CE1688500E9AF8F /* Info.plist */ = {isa = PBXFileReference; lastKnownFileType = text.plist.xml; path = Info.plist; sourceTree = "<group>"; };
		8D8B49F51CE1688500E9AF8F /* SmaLert WatchKit App Extension.appex */ = {isa = PBXFileReference; explicitFileType = "wrapper.app-extension"; includeInIndex = 0; path = "SmaLert WatchKit App Extension.appex"; sourceTree = BUILT_PRODUCTS_DIR; };
		8D8B49FB1CE1688500E9AF8F /* PushNotificationPayload.apns */ = {isa = PBXFileReference; lastKnownFileType = text; path = PushNotificationPayload.apns; sourceTree = "<group>"; };
		8D8B49FC1CE1688500E9AF8F /* InterfaceController.swift */ = {isa = PBXFileReference; lastKnownFileType = sourcecode.swift; path = InterfaceController.swift; sourceTree = "<group>"; };
		8D8B49FE1CE1688500E9AF8F /* ExtensionDelegate.swift */ = {isa = PBXFileReference; lastKnownFileType = sourcecode.swift; path = ExtensionDelegate.swift; sourceTree = "<group>"; };
		8D8B4A001CE1688500E9AF8F /* NotificationController.swift */ = {isa = PBXFileReference; lastKnownFileType = sourcecode.swift; path = NotificationController.swift; sourceTree = "<group>"; };
		8D8B4A021CE1688500E9AF8F /* Assets.xcassets */ = {isa = PBXFileReference; lastKnownFileType = folder.assetcatalog; path = Assets.xcassets; sourceTree = "<group>"; };
		8D8B4A041CE1688500E9AF8F /* Info.plist */ = {isa = PBXFileReference; lastKnownFileType = text.plist.xml; path = Info.plist; sourceTree = "<group>"; };
		8D8B4A101CE1691D00E9AF8F /* MapKit.framework */ = {isa = PBXFileReference; lastKnownFileType = wrapper.framework; name = MapKit.framework; path = Platforms/WatchOS.platform/Developer/SDKs/WatchOS2.0.sdk/System/Library/Frameworks/MapKit.framework; sourceTree = DEVELOPER_DIR; };
		8DA574D11CE27BEA0004E15E /* SettingsDetailViewController.swift */ = {isa = PBXFileReference; fileEncoding = 4; lastKnownFileType = sourcecode.swift; path = SettingsDetailViewController.swift; sourceTree = "<group>"; };
		8DB717F61CCB11B000F2CBE4 /* SmaLert.app */ = {isa = PBXFileReference; explicitFileType = wrapper.application; includeInIndex = 0; path = SmaLert.app; sourceTree = BUILT_PRODUCTS_DIR; };
		8DB717F91CCB11B000F2CBE4 /* AppDelegate.swift */ = {isa = PBXFileReference; lastKnownFileType = sourcecode.swift; path = AppDelegate.swift; sourceTree = "<group>"; };
		8DB717FB1CCB11B000F2CBE4 /* MapViewController.swift */ = {isa = PBXFileReference; lastKnownFileType = sourcecode.swift; path = MapViewController.swift; sourceTree = "<group>"; };
		8DB717FD1CCB11B000F2CBE4 /* SettingsViewController.swift */ = {isa = PBXFileReference; lastKnownFileType = sourcecode.swift; path = SettingsViewController.swift; sourceTree = "<group>"; };
		8DB718051CCB11B000F2CBE4 /* Base */ = {isa = PBXFileReference; lastKnownFileType = file.storyboard; name = Base; path = Base.lproj/LaunchScreen.storyboard; sourceTree = "<group>"; };
		8DB718071CCB11B000F2CBE4 /* Info.plist */ = {isa = PBXFileReference; lastKnownFileType = text.plist.xml; path = Info.plist; sourceTree = "<group>"; };
		8DB7180C1CCB11B000F2CBE4 /* SmaLertTests.xctest */ = {isa = PBXFileReference; explicitFileType = wrapper.cfbundle; includeInIndex = 0; path = SmaLertTests.xctest; sourceTree = BUILT_PRODUCTS_DIR; };
		8DB718101CCB11B000F2CBE4 /* SmaLertTests.swift */ = {isa = PBXFileReference; lastKnownFileType = sourcecode.swift; path = SmaLertTests.swift; sourceTree = "<group>"; };
		8DB718121CCB11B000F2CBE4 /* Info.plist */ = {isa = PBXFileReference; lastKnownFileType = text.plist.xml; path = Info.plist; sourceTree = "<group>"; };
		8DB718171CCB11B000F2CBE4 /* SmaLertUITests.xctest */ = {isa = PBXFileReference; explicitFileType = wrapper.cfbundle; includeInIndex = 0; path = SmaLertUITests.xctest; sourceTree = BUILT_PRODUCTS_DIR; };
		8DB7181B1CCB11B000F2CBE4 /* SmaLertUITests.swift */ = {isa = PBXFileReference; lastKnownFileType = sourcecode.swift; path = SmaLertUITests.swift; sourceTree = "<group>"; };
		8DB7181D1CCB11B000F2CBE4 /* Info.plist */ = {isa = PBXFileReference; lastKnownFileType = text.plist.xml; path = Info.plist; sourceTree = "<group>"; };
		8DB718291CCB11D500F2CBE4 /* MapKit.framework */ = {isa = PBXFileReference; lastKnownFileType = wrapper.framework; name = MapKit.framework; path = System/Library/Frameworks/MapKit.framework; sourceTree = SDKROOT; };
		8DB7182B1CCB11E300F2CBE4 /* iAd.framework */ = {isa = PBXFileReference; lastKnownFileType = wrapper.framework; name = iAd.framework; path = System/Library/Frameworks/iAd.framework; sourceTree = SDKROOT; };
		8DB7182D1CCB121600F2CBE4 /* WebKit.framework */ = {isa = PBXFileReference; lastKnownFileType = wrapper.framework; name = WebKit.framework; path = System/Library/Frameworks/WebKit.framework; sourceTree = SDKROOT; };
		8DB718341CCB132E00F2CBE4 /* Assets.xcassets */ = {isa = PBXFileReference; lastKnownFileType = folder.assetcatalog; path = Assets.xcassets; sourceTree = "<group>"; };
		8DB718371CCB133600F2CBE4 /* Base */ = {isa = PBXFileReference; lastKnownFileType = file.storyboard; name = Base; path = SmaLert/Base.lproj/Main.storyboard; sourceTree = "<group>"; };
		8DB7183B1CCB238800F2CBE4 /* CoreLocation.framework */ = {isa = PBXFileReference; lastKnownFileType = wrapper.framework; name = CoreLocation.framework; path = System/Library/Frameworks/CoreLocation.framework; sourceTree = SDKROOT; };
		8DBF40B11CE62A5B00E10E63 /* SmaLert Desktop.app */ = {isa = PBXFileReference; explicitFileType = wrapper.application; includeInIndex = 0; path = "SmaLert Desktop.app"; sourceTree = BUILT_PRODUCTS_DIR; };
		8DBF40B31CE62A5B00E10E63 /* AppDelegate.swift */ = {isa = PBXFileReference; lastKnownFileType = sourcecode.swift; path = AppDelegate.swift; sourceTree = "<group>"; };
		8DBF40B51CE62A5B00E10E63 /* ViewController.swift */ = {isa = PBXFileReference; lastKnownFileType = sourcecode.swift; path = ViewController.swift; sourceTree = "<group>"; };
		8DBF40B71CE62A5B00E10E63 /* Assets.xcassets */ = {isa = PBXFileReference; lastKnownFileType = folder.assetcatalog; path = Assets.xcassets; sourceTree = "<group>"; };
		8DBF40BA1CE62A5B00E10E63 /* Base */ = {isa = PBXFileReference; lastKnownFileType = file.storyboard; name = Base; path = Base.lproj/Main.storyboard; sourceTree = "<group>"; };
		8DBF40BC1CE62A5B00E10E63 /* Info.plist */ = {isa = PBXFileReference; lastKnownFileType = text.plist.xml; path = Info.plist; sourceTree = "<group>"; };
/* End PBXFileReference section */

/* Begin PBXFrameworksBuildPhase section */
		8D8B49F21CE1688500E9AF8F /* Frameworks */ = {
			isa = PBXFrameworksBuildPhase;
			buildActionMask = 2147483647;
			files = (
				8D8B4A111CE1691D00E9AF8F /* MapKit.framework in Frameworks */,
			);
			runOnlyForDeploymentPostprocessing = 0;
		};
		8DB717F31CCB11B000F2CBE4 /* Frameworks */ = {
			isa = PBXFrameworksBuildPhase;
			buildActionMask = 2147483647;
			files = (
				8DB7182C1CCB11E300F2CBE4 /* iAd.framework in Frameworks */,
				8DB7182A1CCB11D500F2CBE4 /* MapKit.framework in Frameworks */,
				8DB7183C1CCB238800F2CBE4 /* CoreLocation.framework in Frameworks */,
				8DB7182E1CCB121600F2CBE4 /* WebKit.framework in Frameworks */,
			);
			runOnlyForDeploymentPostprocessing = 0;
		};
		8DB718091CCB11B000F2CBE4 /* Frameworks */ = {
			isa = PBXFrameworksBuildPhase;
			buildActionMask = 2147483647;
			files = (
			);
			runOnlyForDeploymentPostprocessing = 0;
		};
		8DB718141CCB11B000F2CBE4 /* Frameworks */ = {
			isa = PBXFrameworksBuildPhase;
			buildActionMask = 2147483647;
			files = (
			);
			runOnlyForDeploymentPostprocessing = 0;
		};
		8DBF40AE1CE62A5B00E10E63 /* Frameworks */ = {
			isa = PBXFrameworksBuildPhase;
			buildActionMask = 2147483647;
			files = (
			);
			runOnlyForDeploymentPostprocessing = 0;
		};
/* End PBXFrameworksBuildPhase section */

/* Begin PBXGroup section */
		8D63A25D1CCFBF5B00D0C5A0 /* Frameworks */ = {
			isa = PBXGroup;
			children = (
				8D8B4A101CE1691D00E9AF8F /* MapKit.framework */,
				8DB7183B1CCB238800F2CBE4 /* CoreLocation.framework */,
				8DB7182D1CCB121600F2CBE4 /* WebKit.framework */,
				8DB7182B1CCB11E300F2CBE4 /* iAd.framework */,
				8DB718291CCB11D500F2CBE4 /* MapKit.framework */,
			);
			name = Frameworks;
			sourceTree = "<group>";
		};
		8D8B49EA1CE1688400E9AF8F /* SmaLert WatchKit App */ = {
			isa = PBXGroup;
			children = (
				8D8B49EB1CE1688400E9AF8F /* Interface.storyboard */,
				8D8B49EE1CE1688500E9AF8F /* Assets.xcassets */,
				8D8B49F01CE1688500E9AF8F /* Info.plist */,
			);
			path = "SmaLert WatchKit App";
			sourceTree = "<group>";
		};
		8D8B49F91CE1688500E9AF8F /* SmaLert WatchKit App Extension */ = {
			isa = PBXGroup;
			children = (
				8D8B49FC1CE1688500E9AF8F /* InterfaceController.swift */,
				8D8B49FE1CE1688500E9AF8F /* ExtensionDelegate.swift */,
				8D8B4A001CE1688500E9AF8F /* NotificationController.swift */,
				8D8B4A021CE1688500E9AF8F /* Assets.xcassets */,
				8D8B4A041CE1688500E9AF8F /* Info.plist */,
				8D8B49FA1CE1688500E9AF8F /* Supporting Files */,
			);
			path = "SmaLert WatchKit App Extension";
			sourceTree = "<group>";
		};
		8D8B49FA1CE1688500E9AF8F /* Supporting Files */ = {
			isa = PBXGroup;
			children = (
				8D8B49FB1CE1688500E9AF8F /* PushNotificationPayload.apns */,
			);
			name = "Supporting Files";
			sourceTree = "<group>";
		};
		8DB717ED1CCB11B000F2CBE4 = {
			isa = PBXGroup;
			children = (
				8D63A25D1CCFBF5B00D0C5A0 /* Frameworks */,
				8DB717F81CCB11B000F2CBE4 /* SmaLert */,
				8DBF40B21CE62A5B00E10E63 /* SmaLert Desktop */,
				8D8B49EA1CE1688400E9AF8F /* SmaLert WatchKit App */,
				8D8B49F91CE1688500E9AF8F /* SmaLert WatchKit App Extension */,
				8DB7180F1CCB11B000F2CBE4 /* SmaLertTests */,
				8DB7181A1CCB11B000F2CBE4 /* SmaLertUITests */,
				8DB717F71CCB11B000F2CBE4 /* Products */,
			);
			sourceTree = "<group>";
		};
		8DB717F71CCB11B000F2CBE4 /* Products */ = {
			isa = PBXGroup;
			children = (
				8DB717F61CCB11B000F2CBE4 /* SmaLert.app */,
				8DB7180C1CCB11B000F2CBE4 /* SmaLertTests.xctest */,
				8DB718171CCB11B000F2CBE4 /* SmaLertUITests.xctest */,
				8D8B49E91CE1688400E9AF8F /* SmaLert WatchKit App.app */,
				8D8B49F51CE1688500E9AF8F /* SmaLert WatchKit App Extension.appex */,
				8DBF40B11CE62A5B00E10E63 /* SmaLert Desktop.app */,
			);
			name = Products;
			sourceTree = "<group>";
		};
		8DB717F81CCB11B000F2CBE4 /* SmaLert */ = {
			isa = PBXGroup;
			children = (
				8DB717F91CCB11B000F2CBE4 /* AppDelegate.swift */,
				8DB717FB1CCB11B000F2CBE4 /* MapViewController.swift */,
				8DB717FD1CCB11B000F2CBE4 /* SettingsViewController.swift */,
				8DA574D11CE27BEA0004E15E /* SettingsDetailViewController.swift */,
				8DB718361CCB133600F2CBE4 /* Main.storyboard */,
				8D6CFFD91CCD541100774356 /* ListAlertViewController.swift */,
				8DB718341CCB132E00F2CBE4 /* Assets.xcassets */,
				8DB718041CCB11B000F2CBE4 /* LaunchScreen.storyboard */,
				8DB718071CCB11B000F2CBE4 /* Info.plist */,
			);
			path = SmaLert;
			sourceTree = "<group>";
		};
		8DB7180F1CCB11B000F2CBE4 /* SmaLertTests */ = {
			isa = PBXGroup;
			children = (
				8DB718101CCB11B000F2CBE4 /* SmaLertTests.swift */,
				8DB718121CCB11B000F2CBE4 /* Info.plist */,
			);
			path = SmaLertTests;
			sourceTree = "<group>";
		};
		8DB7181A1CCB11B000F2CBE4 /* SmaLertUITests */ = {
			isa = PBXGroup;
			children = (
				8DB7181B1CCB11B000F2CBE4 /* SmaLertUITests.swift */,
				8DB7181D1CCB11B000F2CBE4 /* Info.plist */,
			);
			path = SmaLertUITests;
			sourceTree = "<group>";
		};
		8DBF40B21CE62A5B00E10E63 /* SmaLert Desktop */ = {
			isa = PBXGroup;
			children = (
				8DBF40B31CE62A5B00E10E63 /* AppDelegate.swift */,
				8DBF40B51CE62A5B00E10E63 /* ViewController.swift */,
				8DBF40B71CE62A5B00E10E63 /* Assets.xcassets */,
				8DBF40B91CE62A5B00E10E63 /* Main.storyboard */,
				8DBF40BC1CE62A5B00E10E63 /* Info.plist */,
			);
			path = "SmaLert Desktop";
			sourceTree = "<group>";
		};
/* End PBXGroup section */

/* Begin PBXNativeTarget section */
		8D8B49E81CE1688400E9AF8F /* SmaLert WatchKit App */ = {
			isa = PBXNativeTarget;
			buildConfigurationList = 8D8B4A0E1CE1688500E9AF8F /* Build configuration list for PBXNativeTarget "SmaLert WatchKit App" */;
			buildPhases = (
				8D8B49E71CE1688400E9AF8F /* Resources */,
				8D8B4A0D1CE1688500E9AF8F /* Embed App Extensions */,
			);
			buildRules = (
			);
			dependencies = (
				8D8B49F81CE1688500E9AF8F /* PBXTargetDependency */,
			);
			name = "SmaLert WatchKit App";
			productName = "SmaLert WatchKit App";
			productReference = 8D8B49E91CE1688400E9AF8F /* SmaLert WatchKit App.app */;
			productType = "com.apple.product-type.application.watchapp2";
		};
		8D8B49F41CE1688500E9AF8F /* SmaLert WatchKit App Extension */ = {
			isa = PBXNativeTarget;
			buildConfigurationList = 8D8B4A0C1CE1688500E9AF8F /* Build configuration list for PBXNativeTarget "SmaLert WatchKit App Extension" */;
			buildPhases = (
				8D8B49F11CE1688500E9AF8F /* Sources */,
				8D8B49F21CE1688500E9AF8F /* Frameworks */,
				8D8B49F31CE1688500E9AF8F /* Resources */,
			);
			buildRules = (
			);
			dependencies = (
			);
			name = "SmaLert WatchKit App Extension";
			productName = "SmaLert WatchKit App Extension";
			productReference = 8D8B49F51CE1688500E9AF8F /* SmaLert WatchKit App Extension.appex */;
			productType = "com.apple.product-type.watchkit2-extension";
		};
		8DB717F51CCB11B000F2CBE4 /* SmaLert */ = {
			isa = PBXNativeTarget;
			buildConfigurationList = 8DB718201CCB11B000F2CBE4 /* Build configuration list for PBXNativeTarget "SmaLert" */;
			buildPhases = (
				8DB717F21CCB11B000F2CBE4 /* Sources */,
				8DB717F31CCB11B000F2CBE4 /* Frameworks */,
				8DB717F41CCB11B000F2CBE4 /* Resources */,
				8D8B4A0F1CE1688500E9AF8F /* Embed Watch Content */,
			);
			buildRules = (
			);
			dependencies = (
				8D8B4A061CE1688500E9AF8F /* PBXTargetDependency */,
			);
			name = SmaLert;
			productName = SmaLert;
			productReference = 8DB717F61CCB11B000F2CBE4 /* SmaLert.app */;
			productType = "com.apple.product-type.application";
		};
		8DB7180B1CCB11B000F2CBE4 /* SmaLertTests */ = {
			isa = PBXNativeTarget;
			buildConfigurationList = 8DB718231CCB11B000F2CBE4 /* Build configuration list for PBXNativeTarget "SmaLertTests" */;
			buildPhases = (
				8DB718081CCB11B000F2CBE4 /* Sources */,
				8DB718091CCB11B000F2CBE4 /* Frameworks */,
				8DB7180A1CCB11B000F2CBE4 /* Resources */,
			);
			buildRules = (
			);
			dependencies = (
				8DB7180E1CCB11B000F2CBE4 /* PBXTargetDependency */,
			);
			name = SmaLertTests;
			productName = SmaLertTests;
			productReference = 8DB7180C1CCB11B000F2CBE4 /* SmaLertTests.xctest */;
			productType = "com.apple.product-type.bundle.unit-test";
		};
		8DB718161CCB11B000F2CBE4 /* SmaLertUITests */ = {
			isa = PBXNativeTarget;
			buildConfigurationList = 8DB718261CCB11B000F2CBE4 /* Build configuration list for PBXNativeTarget "SmaLertUITests" */;
			buildPhases = (
				8DB718131CCB11B000F2CBE4 /* Sources */,
				8DB718141CCB11B000F2CBE4 /* Frameworks */,
				8DB718151CCB11B000F2CBE4 /* Resources */,
			);
			buildRules = (
			);
			dependencies = (
				8DB718191CCB11B000F2CBE4 /* PBXTargetDependency */,
			);
			name = SmaLertUITests;
			productName = SmaLertUITests;
			productReference = 8DB718171CCB11B000F2CBE4 /* SmaLertUITests.xctest */;
			productType = "com.apple.product-type.bundle.ui-testing";
		};
		8DBF40B01CE62A5B00E10E63 /* SmaLert Desktop */ = {
			isa = PBXNativeTarget;
			buildConfigurationList = 8DBF40BF1CE62A5B00E10E63 /* Build configuration list for PBXNativeTarget "SmaLert Desktop" */;
			buildPhases = (
				8DBF40AD1CE62A5B00E10E63 /* Sources */,
				8DBF40AE1CE62A5B00E10E63 /* Frameworks */,
				8DBF40AF1CE62A5B00E10E63 /* Resources */,
			);
			buildRules = (
			);
			dependencies = (
			);
			name = "SmaLert Desktop";
			productName = "SmaLert Desktop";
			productReference = 8DBF40B11CE62A5B00E10E63 /* SmaLert Desktop.app */;
			productType = "com.apple.product-type.application";
		};
/* End PBXNativeTarget section */

/* Begin PBXProject section */
		8DB717EE1CCB11B000F2CBE4 /* Project object */ = {
			isa = PBXProject;
			attributes = {
				LastUpgradeCheck = 0700;
				ORGANIZATIONNAME = "Kian Sutarwala";
				TargetAttributes = {
					8D8B49E81CE1688400E9AF8F = {
						CreatedOnToolsVersion = 7.0;
						DevelopmentTeam = 7QA845L52Q;
					};
					8D8B49F41CE1688500E9AF8F = {
						CreatedOnToolsVersion = 7.0;
						DevelopmentTeam = 7QA845L52Q;
						SystemCapabilities = {
							com.apple.Maps.iOS = {
								enabled = 1;
							};
						};
					};
					8DB717F51CCB11B000F2CBE4 = {
						CreatedOnToolsVersion = 7.0;
						DevelopmentTeam = 7QA845L52Q;
					};
					8DB7180B1CCB11B000F2CBE4 = {
						CreatedOnToolsVersion = 7.0;
						DevelopmentTeam = 7QA845L52Q;
						TestTargetID = 8DB717F51CCB11B000F2CBE4;
					};
					8DB718161CCB11B000F2CBE4 = {
						CreatedOnToolsVersion = 7.0;
						DevelopmentTeam = 7QA845L52Q;
						TestTargetID = 8DB717F51CCB11B000F2CBE4;
					};
					8DBF40B01CE62A5B00E10E63 = {
						CreatedOnToolsVersion = 7.0;
					};
				};
			};
			buildConfigurationList = 8DB717F11CCB11B000F2CBE4 /* Build configuration list for PBXProject "SmaLert" */;
			compatibilityVersion = "Xcode 3.2";
			developmentRegion = English;
			hasScannedForEncodings = 0;
			knownRegions = (
				en,
				Base,
			);
			mainGroup = 8DB717ED1CCB11B000F2CBE4;
			productRefGroup = 8DB717F71CCB11B000F2CBE4 /* Products */;
			projectDirPath = "";
			projectRoot = "";
			targets = (
				8DB717F51CCB11B000F2CBE4 /* SmaLert */,
				8DB7180B1CCB11B000F2CBE4 /* SmaLertTests */,
				8DB718161CCB11B000F2CBE4 /* SmaLertUITests */,
				8D8B49E81CE1688400E9AF8F /* SmaLert WatchKit App */,
				8D8B49F41CE1688500E9AF8F /* SmaLert WatchKit App Extension */,
				8DBF40B01CE62A5B00E10E63 /* SmaLert Desktop */,
			);
		};
/* End PBXProject section */

/* Begin PBXResourcesBuildPhase section */
		8D8B49E71CE1688400E9AF8F /* Resources */ = {
			isa = PBXResourcesBuildPhase;
			buildActionMask = 2147483647;
			files = (
				8D8B49EF1CE1688500E9AF8F /* Assets.xcassets in Resources */,
				8D8B49ED1CE1688400E9AF8F /* Interface.storyboard in Resources */,
			);
			runOnlyForDeploymentPostprocessing = 0;
		};
		8D8B49F31CE1688500E9AF8F /* Resources */ = {
			isa = PBXResourcesBuildPhase;
			buildActionMask = 2147483647;
			files = (
				8D8B4A031CE1688500E9AF8F /* Assets.xcassets in Resources */,
			);
			runOnlyForDeploymentPostprocessing = 0;
		};
		8DB717F41CCB11B000F2CBE4 /* Resources */ = {
			isa = PBXResourcesBuildPhase;
			buildActionMask = 2147483647;
			files = (
				8DB718381CCB133600F2CBE4 /* Main.storyboard in Resources */,
				8DB718351CCB132E00F2CBE4 /* Assets.xcassets in Resources */,
				8DB718061CCB11B000F2CBE4 /* LaunchScreen.storyboard in Resources */,
			);
			runOnlyForDeploymentPostprocessing = 0;
		};
		8DB7180A1CCB11B000F2CBE4 /* Resources */ = {
			isa = PBXResourcesBuildPhase;
			buildActionMask = 2147483647;
			files = (
			);
			runOnlyForDeploymentPostprocessing = 0;
		};
		8DB718151CCB11B000F2CBE4 /* Resources */ = {
			isa = PBXResourcesBuildPhase;
			buildActionMask = 2147483647;
			files = (
			);
			runOnlyForDeploymentPostprocessing = 0;
		};
		8DBF40AF1CE62A5B00E10E63 /* Resources */ = {
			isa = PBXResourcesBuildPhase;
			buildActionMask = 2147483647;
			files = (
				8DBF40B81CE62A5B00E10E63 /* Assets.xcassets in Resources */,
				8DBF40BB1CE62A5B00E10E63 /* Main.storyboard in Resources */,
			);
			runOnlyForDeploymentPostprocessing = 0;
		};
/* End PBXResourcesBuildPhase section */

/* Begin PBXSourcesBuildPhase section */
		8D8B49F11CE1688500E9AF8F /* Sources */ = {
			isa = PBXSourcesBuildPhase;
			buildActionMask = 2147483647;
			files = (
				8D8B4A011CE1688500E9AF8F /* NotificationController.swift in Sources */,
				8D8B49FF1CE1688500E9AF8F /* ExtensionDelegate.swift in Sources */,
				8D8B49FD1CE1688500E9AF8F /* InterfaceController.swift in Sources */,
			);
			runOnlyForDeploymentPostprocessing = 0;
		};
		8DB717F21CCB11B000F2CBE4 /* Sources */ = {
			isa = PBXSourcesBuildPhase;
			buildActionMask = 2147483647;
			files = (
				8DA574D21CE27BEA0004E15E /* SettingsDetailViewController.swift in Sources */,
				8DB717FE1CCB11B000F2CBE4 /* SettingsViewController.swift in Sources */,
				8DB717FA1CCB11B000F2CBE4 /* AppDelegate.swift in Sources */,
				8DB717FC1CCB11B000F2CBE4 /* MapViewController.swift in Sources */,
				8D6CFFDA1CCD541100774356 /* ListAlertViewController.swift in Sources */,
			);
			runOnlyForDeploymentPostprocessing = 0;
		};
		8DB718081CCB11B000F2CBE4 /* Sources */ = {
			isa = PBXSourcesBuildPhase;
			buildActionMask = 2147483647;
			files = (
				8DB718111CCB11B000F2CBE4 /* SmaLertTests.swift in Sources */,
			);
			runOnlyForDeploymentPostprocessing = 0;
		};
		8DB718131CCB11B000F2CBE4 /* Sources */ = {
			isa = PBXSourcesBuildPhase;
			buildActionMask = 2147483647;
			files = (
				8DB7181C1CCB11B000F2CBE4 /* SmaLertUITests.swift in Sources */,
			);
			runOnlyForDeploymentPostprocessing = 0;
		};
		8DBF40AD1CE62A5B00E10E63 /* Sources */ = {
			isa = PBXSourcesBuildPhase;
			buildActionMask = 2147483647;
			files = (
				8DBF40B61CE62A5B00E10E63 /* ViewController.swift in Sources */,
				8DBF40B41CE62A5B00E10E63 /* AppDelegate.swift in Sources */,
			);
			runOnlyForDeploymentPostprocessing = 0;
		};
/* End PBXSourcesBuildPhase section */

/* Begin PBXTargetDependency section */
		8D8B49F81CE1688500E9AF8F /* PBXTargetDependency */ = {
			isa = PBXTargetDependency;
			target = 8D8B49F41CE1688500E9AF8F /* SmaLert WatchKit App Extension */;
			targetProxy = 8D8B49F71CE1688500E9AF8F /* PBXContainerItemProxy */;
		};
		8D8B4A061CE1688500E9AF8F /* PBXTargetDependency */ = {
			isa = PBXTargetDependency;
			target = 8D8B49E81CE1688400E9AF8F /* SmaLert WatchKit App */;
			targetProxy = 8D8B4A051CE1688500E9AF8F /* PBXContainerItemProxy */;
		};
		8DB7180E1CCB11B000F2CBE4 /* PBXTargetDependency */ = {
			isa = PBXTargetDependency;
			target = 8DB717F51CCB11B000F2CBE4 /* SmaLert */;
			targetProxy = 8DB7180D1CCB11B000F2CBE4 /* PBXContainerItemProxy */;
		};
		8DB718191CCB11B000F2CBE4 /* PBXTargetDependency */ = {
			isa = PBXTargetDependency;
			target = 8DB717F51CCB11B000F2CBE4 /* SmaLert */;
			targetProxy = 8DB718181CCB11B000F2CBE4 /* PBXContainerItemProxy */;
		};
/* End PBXTargetDependency section */

/* Begin PBXVariantGroup section */
		8D8B49EB1CE1688400E9AF8F /* Interface.storyboard */ = {
			isa = PBXVariantGroup;
			children = (
				8D8B49EC1CE1688400E9AF8F /* Base */,
			);
			name = Interface.storyboard;
			sourceTree = "<group>";
		};
		8DB718041CCB11B000F2CBE4 /* LaunchScreen.storyboard */ = {
			isa = PBXVariantGroup;
			children = (
				8DB718051CCB11B000F2CBE4 /* Base */,
			);
			name = LaunchScreen.storyboard;
			sourceTree = "<group>";
		};
		8DB718361CCB133600F2CBE4 /* Main.storyboard */ = {
			isa = PBXVariantGroup;
			children = (
				8DB718371CCB133600F2CBE4 /* Base */,
				8D6CFFD81CCD4BF900774356 /* en */,
			);
			name = Main.storyboard;
			path = ..;
			sourceTree = "<group>";
		};
		8DBF40B91CE62A5B00E10E63 /* Main.storyboard */ = {
			isa = PBXVariantGroup;
			children = (
				8DBF40BA1CE62A5B00E10E63 /* Base */,
			);
			name = Main.storyboard;
			sourceTree = "<group>";
		};
/* End PBXVariantGroup section */

/* Begin XCBuildConfiguration section */
		8D8B4A081CE1688500E9AF8F /* Debug */ = {
			isa = XCBuildConfiguration;
			buildSettings = {
				ASSETCATALOG_COMPILER_APPICON_NAME = AppIcon;
				CODE_SIGN_IDENTITY = "iPhone Developer";
				EMBEDDED_CONTENT_CONTAINS_SWIFT = YES;
				IBSC_MODULE = SmaLert_WatchKit_App_Extension;
				INFOPLIST_FILE = "SmaLert WatchKit App/Info.plist";
				PRODUCT_BUNDLE_IDENTIFIER = co.sutarwala.kian.SmaLert.watchkitapp;
				PRODUCT_NAME = "$(TARGET_NAME)";
				SDKROOT = watchos;
				SKIP_INSTALL = YES;
				TARGETED_DEVICE_FAMILY = 4;
				WATCHOS_DEPLOYMENT_TARGET = 2.0;
			};
			name = Debug;
		};
		8D8B4A091CE1688500E9AF8F /* Release */ = {
			isa = XCBuildConfiguration;
			buildSettings = {
				ASSETCATALOG_COMPILER_APPICON_NAME = AppIcon;
				CODE_SIGN_IDENTITY = "iPhone Developer";
				EMBEDDED_CONTENT_CONTAINS_SWIFT = YES;
				IBSC_MODULE = SmaLert_WatchKit_App_Extension;
				INFOPLIST_FILE = "SmaLert WatchKit App/Info.plist";
				PRODUCT_BUNDLE_IDENTIFIER = co.sutarwala.kian.SmaLert.watchkitapp;
				PRODUCT_NAME = "$(TARGET_NAME)";
				SDKROOT = watchos;
				SKIP_INSTALL = YES;
				TARGETED_DEVICE_FAMILY = 4;
				WATCHOS_DEPLOYMENT_TARGET = 2.0;
			};
			name = Release;
		};
		8D8B4A0A1CE1688500E9AF8F /* Debug */ = {
			isa = XCBuildConfiguration;
			buildSettings = {
				INFOPLIST_FILE = "SmaLert WatchKit App Extension/Info.plist";
				LD_RUNPATH_SEARCH_PATHS = "$(inherited) @executable_path/Frameworks @executable_path/../../Frameworks";
				PRODUCT_BUNDLE_IDENTIFIER = co.sutarwala.kian.SmaLert.watchkitapp.watchkitextension;
				PRODUCT_NAME = "${TARGET_NAME}";
				SDKROOT = watchos;
				SKIP_INSTALL = YES;
				TARGETED_DEVICE_FAMILY = 4;
				WATCHOS_DEPLOYMENT_TARGET = 2.0;
			};
			name = Debug;
		};
		8D8B4A0B1CE1688500E9AF8F /* Release */ = {
			isa = XCBuildConfiguration;
			buildSettings = {
				INFOPLIST_FILE = "SmaLert WatchKit App Extension/Info.plist";
				LD_RUNPATH_SEARCH_PATHS = "$(inherited) @executable_path/Frameworks @executable_path/../../Frameworks";
				PRODUCT_BUNDLE_IDENTIFIER = co.sutarwala.kian.SmaLert.watchkitapp.watchkitextension;
				PRODUCT_NAME = "${TARGET_NAME}";
				SDKROOT = watchos;
				SKIP_INSTALL = YES;
				TARGETED_DEVICE_FAMILY = 4;
				WATCHOS_DEPLOYMENT_TARGET = 2.0;
			};
			name = Release;
		};
		8DB7181E1CCB11B000F2CBE4 /* Debug */ = {
			isa = XCBuildConfiguration;
			buildSettings = {
				ALWAYS_SEARCH_USER_PATHS = NO;
				CLANG_CXX_LANGUAGE_STANDARD = "gnu++0x";
				CLANG_CXX_LIBRARY = "libc++";
				CLANG_ENABLE_MODULES = YES;
				CLANG_ENABLE_OBJC_ARC = YES;
				CLANG_WARN_BOOL_CONVERSION = YES;
				CLANG_WARN_CONSTANT_CONVERSION = YES;
				CLANG_WARN_DIRECT_OBJC_ISA_USAGE = YES_ERROR;
				CLANG_WARN_EMPTY_BODY = YES;
				CLANG_WARN_ENUM_CONVERSION = YES;
				CLANG_WARN_INT_CONVERSION = YES;
				CLANG_WARN_OBJC_ROOT_CLASS = YES_ERROR;
				CLANG_WARN_UNREACHABLE_CODE = YES;
				CLANG_WARN__DUPLICATE_METHOD_MATCH = YES;
				"CODE_SIGN_IDENTITY[sdk=iphoneos*]" = "iPhone Developer";
				COPY_PHASE_STRIP = NO;
				DEBUG_INFORMATION_FORMAT = dwarf;
				ENABLE_STRICT_OBJC_MSGSEND = YES;
				ENABLE_TESTABILITY = YES;
				GCC_C_LANGUAGE_STANDARD = gnu99;
				GCC_DYNAMIC_NO_PIC = NO;
				GCC_NO_COMMON_BLOCKS = YES;
				GCC_OPTIMIZATION_LEVEL = 0;
				GCC_PREPROCESSOR_DEFINITIONS = (
					"DEBUG=1",
					"$(inherited)",
				);
				GCC_WARN_64_TO_32_BIT_CONVERSION = YES;
				GCC_WARN_ABOUT_RETURN_TYPE = YES_ERROR;
				GCC_WARN_UNDECLARED_SELECTOR = YES;
				GCC_WARN_UNINITIALIZED_AUTOS = YES_AGGRESSIVE;
				GCC_WARN_UNUSED_FUNCTION = YES;
				GCC_WARN_UNUSED_VARIABLE = YES;
				IPHONEOS_DEPLOYMENT_TARGET = 7.0;
				MTL_ENABLE_DEBUG_INFO = YES;
				ONLY_ACTIVE_ARCH = YES;
				SDKROOT = iphoneos;
				SWIFT_OPTIMIZATION_LEVEL = "-Onone";
			};
			name = Debug;
		};
		8DB7181F1CCB11B000F2CBE4 /* Release */ = {
			isa = XCBuildConfiguration;
			buildSettings = {
				ALWAYS_SEARCH_USER_PATHS = NO;
				CLANG_CXX_LANGUAGE_STANDARD = "gnu++0x";
				CLANG_CXX_LIBRARY = "libc++";
				CLANG_ENABLE_MODULES = YES;
				CLANG_ENABLE_OBJC_ARC = YES;
				CLANG_WARN_BOOL_CONVERSION = YES;
				CLANG_WARN_CONSTANT_CONVERSION = YES;
				CLANG_WARN_DIRECT_OBJC_ISA_USAGE = YES_ERROR;
				CLANG_WARN_EMPTY_BODY = YES;
				CLANG_WARN_ENUM_CONVERSION = YES;
				CLANG_WARN_INT_CONVERSION = YES;
				CLANG_WARN_OBJC_ROOT_CLASS = YES_ERROR;
				CLANG_WARN_UNREACHABLE_CODE = YES;
				CLANG_WARN__DUPLICATE_METHOD_MATCH = YES;
				"CODE_SIGN_IDENTITY[sdk=iphoneos*]" = "iPhone Developer";
				COPY_PHASE_STRIP = NO;
				DEBUG_INFORMATION_FORMAT = "dwarf-with-dsym";
				ENABLE_NS_ASSERTIONS = NO;
				ENABLE_STRICT_OBJC_MSGSEND = YES;
				GCC_C_LANGUAGE_STANDARD = gnu99;
				GCC_NO_COMMON_BLOCKS = YES;
				GCC_WARN_64_TO_32_BIT_CONVERSION = YES;
				GCC_WARN_ABOUT_RETURN_TYPE = YES_ERROR;
				GCC_WARN_UNDECLARED_SELECTOR = YES;
				GCC_WARN_UNINITIALIZED_AUTOS = YES_AGGRESSIVE;
				GCC_WARN_UNUSED_FUNCTION = YES;
				GCC_WARN_UNUSED_VARIABLE = YES;
				IPHONEOS_DEPLOYMENT_TARGET = 7.0;
				MTL_ENABLE_DEBUG_INFO = NO;
				SDKROOT = iphoneos;
				VALIDATE_PRODUCT = YES;
			};
			name = Release;
		};
		8DB718211CCB11B000F2CBE4 /* Debug */ = {
			isa = XCBuildConfiguration;
			buildSettings = {
				ASSETCATALOG_COMPILER_APPICON_NAME = AppIcon;
				CODE_SIGN_IDENTITY = "iPhone Developer";
				INFOPLIST_FILE = SmaLert/Info.plist;
				IPHONEOS_DEPLOYMENT_TARGET = 7.0;
				LD_RUNPATH_SEARCH_PATHS = "$(inherited) @executable_path/Frameworks";
				PRODUCT_BUNDLE_IDENTIFIER = co.sutarwala.kian.SmaLert;
				PRODUCT_NAME = "$(TARGET_NAME)";
			};
			name = Debug;
		};
		8DB718221CCB11B000F2CBE4 /* Release */ = {
			isa = XCBuildConfiguration;
			buildSettings = {
				ASSETCATALOG_COMPILER_APPICON_NAME = AppIcon;
				CODE_SIGN_IDENTITY = "iPhone Developer";
				INFOPLIST_FILE = SmaLert/Info.plist;
				IPHONEOS_DEPLOYMENT_TARGET = 7.0;
				LD_RUNPATH_SEARCH_PATHS = "$(inherited) @executable_path/Frameworks";
				PRODUCT_BUNDLE_IDENTIFIER = co.sutarwala.kian.SmaLert;
				PRODUCT_NAME = "$(TARGET_NAME)";
			};
			name = Release;
		};
		8DB718241CCB11B000F2CBE4 /* Debug */ = {
			isa = XCBuildConfiguration;
			buildSettings = {
				BUNDLE_LOADER = "$(TEST_HOST)";
				INFOPLIST_FILE = SmaLertTests/Info.plist;
				LD_RUNPATH_SEARCH_PATHS = "$(inherited) @executable_path/Frameworks @loader_path/Frameworks";
				PRODUCT_BUNDLE_IDENTIFIER = co.sutarwala.kian.SmaLertTests;
				PRODUCT_NAME = "$(TARGET_NAME)";
				TEST_HOST = "$(BUILT_PRODUCTS_DIR)/SmaLert.app/SmaLert";
			};
			name = Debug;
		};
		8DB718251CCB11B000F2CBE4 /* Release */ = {
			isa = XCBuildConfiguration;
			buildSettings = {
				BUNDLE_LOADER = "$(TEST_HOST)";
				INFOPLIST_FILE = SmaLertTests/Info.plist;
				LD_RUNPATH_SEARCH_PATHS = "$(inherited) @executable_path/Frameworks @loader_path/Frameworks";
				PRODUCT_BUNDLE_IDENTIFIER = co.sutarwala.kian.SmaLertTests;
				PRODUCT_NAME = "$(TARGET_NAME)";
				TEST_HOST = "$(BUILT_PRODUCTS_DIR)/SmaLert.app/SmaLert";
			};
			name = Release;
		};
		8DB718271CCB11B000F2CBE4 /* Debug */ = {
			isa = XCBuildConfiguration;
			buildSettings = {
				INFOPLIST_FILE = SmaLertUITests/Info.plist;
				LD_RUNPATH_SEARCH_PATHS = "$(inherited) @executable_path/Frameworks @loader_path/Frameworks";
				PRODUCT_BUNDLE_IDENTIFIER = co.sutarwala.kian.SmaLertUITests;
				PRODUCT_NAME = "$(TARGET_NAME)";
				TEST_TARGET_NAME = SmaLert;
				USES_XCTRUNNER = YES;
			};
			name = Debug;
		};
		8DB718281CCB11B000F2CBE4 /* Release */ = {
			isa = XCBuildConfiguration;
			buildSettings = {
				INFOPLIST_FILE = SmaLertUITests/Info.plist;
				LD_RUNPATH_SEARCH_PATHS = "$(inherited) @executable_path/Frameworks @loader_path/Frameworks";
				PRODUCT_BUNDLE_IDENTIFIER = co.sutarwala.kian.SmaLertUITests;
				PRODUCT_NAME = "$(TARGET_NAME)";
				TEST_TARGET_NAME = SmaLert;
				USES_XCTRUNNER = YES;
			};
			name = Release;
		};
		8DBF40BD1CE62A5B00E10E63 /* Debug */ = {
			isa = XCBuildConfiguration;
			buildSettings = {
				ASSETCATALOG_COMPILER_APPICON_NAME = AppIcon;
				CODE_SIGN_IDENTITY = "-";
				COMBINE_HIDPI_IMAGES = YES;
				INFOPLIST_FILE = "SmaLert Desktop/Info.plist";
				LD_RUNPATH_SEARCH_PATHS = "$(inherited) @executable_path/../Frameworks";
				MACOSX_DEPLOYMENT_TARGET = 10.11;
				PRODUCT_BUNDLE_IDENTIFIER = "co.sutarwala.kian.SmaLert-Desktop";
				PRODUCT_NAME = "$(TARGET_NAME)";
				SDKROOT = macosx;
			};
			name = Debug;
		};
		8DBF40BE1CE62A5B00E10E63 /* Release */ = {
			isa = XCBuildConfiguration;
			buildSettings = {
				ASSETCATALOG_COMPILER_APPICON_NAME = AppIcon;
				CODE_SIGN_IDENTITY = "-";
				COMBINE_HIDPI_IMAGES = YES;
				INFOPLIST_FILE = "SmaLert Desktop/Info.plist";
				LD_RUNPATH_SEARCH_PATHS = "$(inherited) @executable_path/../Frameworks";
				MACOSX_DEPLOYMENT_TARGET = 10.11;
				PRODUCT_BUNDLE_IDENTIFIER = "co.sutarwala.kian.SmaLert-Desktop";
				PRODUCT_NAME = "$(TARGET_NAME)";
				SDKROOT = macosx;
			};
			name = Release;
		};
/* End XCBuildConfiguration section */

/* Begin XCConfigurationList section */
		8D8B4A0C1CE1688500E9AF8F /* Build configuration list for PBXNativeTarget "SmaLert WatchKit App Extension" */ = {
			isa = XCConfigurationList;
			buildConfigurations = (
				8D8B4A0A1CE1688500E9AF8F /* Debug */,
				8D8B4A0B1CE1688500E9AF8F /* Release */,
			);
			defaultConfigurationIsVisible = 0;
			defaultConfigurationName = Release;
		};
		8D8B4A0E1CE1688500E9AF8F /* Build configuration list for PBXNativeTarget "SmaLert WatchKit App" */ = {
			isa = XCConfigurationList;
			buildConfigurations = (
				8D8B4A081CE1688500E9AF8F /* Debug */,
				8D8B4A091CE1688500E9AF8F /* Release */,
			);
			defaultConfigurationIsVisible = 0;
			defaultConfigurationName = Release;
		};
		8DB717F11CCB11B000F2CBE4 /* Build configuration list for PBXProject "SmaLert" */ = {
			isa = XCConfigurationList;
			buildConfigurations = (
				8DB7181E1CCB11B000F2CBE4 /* Debug */,
				8DB7181F1CCB11B000F2CBE4 /* Release */,
			);
			defaultConfigurationIsVisible = 0;
			defaultConfigurationName = Release;
		};
		8DB718201CCB11B000F2CBE4 /* Build configuration list for PBXNativeTarget "SmaLert" */ = {
			isa = XCConfigurationList;
			buildConfigurations = (
				8DB718211CCB11B000F2CBE4 /* Debug */,
				8DB718221CCB11B000F2CBE4 /* Release */,
			);
			defaultConfigurationIsVisible = 0;
			defaultConfigurationName = Release;
		};
		8DB718231CCB11B000F2CBE4 /* Build configuration list for PBXNativeTarget "SmaLertTests" */ = {
			isa = XCConfigurationList;
			buildConfigurations = (
				8DB718241CCB11B000F2CBE4 /* Debug */,
				8DB718251CCB11B000F2CBE4 /* Release */,
			);
			defaultConfigurationIsVisible = 0;
			defaultConfigurationName = Release;
		};
		8DB718261CCB11B000F2CBE4 /* Build configuration list for PBXNativeTarget "SmaLertUITests" */ = {
			isa = XCConfigurationList;
			buildConfigurations = (
				8DB718271CCB11B000F2CBE4 /* Debug */,
				8DB718281CCB11B000F2CBE4 /* Release */,
			);
			defaultConfigurationIsVisible = 0;
			defaultConfigurationName = Release;
		};
		8DBF40BF1CE62A5B00E10E63 /* Build configuration list for PBXNativeTarget "SmaLert Desktop" */ = {
			isa = XCConfigurationList;
			buildConfigurations = (
				8DBF40BD1CE62A5B00E10E63 /* Debug */,
				8DBF40BE1CE62A5B00E10E63 /* Release */,
			);
			defaultConfigurationIsVisible = 0;
		};
/* End XCConfigurationList section */
	};
	rootObject = 8DB717EE1CCB11B000F2CBE4 /* Project object */;
}
